
Microsoft Visual Studio Solution File, Format Version 12.00
# Visual Studio Version 17
VisualStudioVersion = 17.6.33815.320
MinimumVisualStudioVersion = 10.0.40219.1
Project("{FAE04EC0-301F-11D3-BF4B-00C04F79EFBC}") = "RickAndMortyDavivienda", "RickAndMortyDavivienda\RickAndMortyDavivienda.csproj", "{FAF90812-52DD-44E8-A83E-25F7662C7D22}"
EndProject
Project("{FAE04EC0-301F-11D3-BF4B-00C04F79EFBC}") = "Domain", "Domain\Domain.csproj", "{088B411D-4693-4CF2-B6ED-E0608E38771A}"
EndProject
Project("{FAE04EC0-301F-11D3-BF4B-00C04F79EFBC}") = "Application", "Application\Application.csproj", "{29AEF82E-0E41-434C-B56B-550A2B22A3C4}"
EndProject
Project("{FAE04EC0-301F-11D3-BF4B-00C04F79EFBC}") = "Infrastructure", "Infrastructure\Infrastructure.csproj", "{40B2D4B6-B122-4DFC-A83E-659F95A1ED89}"
EndProject
Global
	GlobalSection(SolutionConfigurationPlatforms) = preSolution
		Debug|Any CPU = Debug|Any CPU
		Release|Any CPU = Release|Any CPU
	EndGlobalSection
	GlobalSection(ProjectConfigurationPlatforms) = postSolution
		{FAF90812-52DD-44E8-A83E-25F7662C7D22}.Debug|Any CPU.ActiveCfg = Debug|Any CPU
		{FAF90812-52DD-44E8-A83E-25F7662C7D22}.Debug|Any CPU.Build.0 = Debug|Any CPU
		{FAF90812-52DD-44E8-A83E-25F7662C7D22}.Release|Any CPU.ActiveCfg = Release|Any CPU
		{FAF90812-52DD-44E8-A83E-25F7662C7D22}.Release|Any CPU.Build.0 = Release|Any CPU
		{088B411D-4693-4CF2-B6ED-E0608E38771A}.Debug|Any CPU.ActiveCfg = Debug|Any CPU
		{088B411D-4693-4CF2-B6ED-E0608E38771A}.Debug|Any CPU.Build.0 = Debug|Any CPU
		{088B411D-4693-4CF2-B6ED-E0608E38771A}.Release|Any CPU.ActiveCfg = Release|Any CPU
		{088B411D-4693-4CF2-B6ED-E0608E38771A}.Release|Any CPU.Build.0 = Release|Any CPU
		{29AEF82E-0E41-434C-B56B-550A2B22A3C4}.Debug|Any CPU.ActiveCfg = Debug|Any CPU
		{29AEF82E-0E41-434C-B56B-550A2B22A3C4}.Debug|Any CPU.Build.0 = Debug|Any CPU
		{29AEF82E-0E41-434C-B56B-550A2B22A3C4}.Release|Any CPU.ActiveCfg = Release|Any CPU
		{29AEF82E-0E41-434C-B56B-550A2B22A3C4}.Release|Any CPU.Build.0 = Release|Any CPU
		{40B2D4B6-B122-4DFC-A83E-659F95A1ED89}.Debug|Any CPU.ActiveCfg = Debug|Any CPU
		{40B2D4B6-B122-4DFC-A83E-659F95A1ED89}.Debug|Any CPU.Build.0 = Debug|Any CPU
		{40B2D4B6-B122-4DFC-A83E-659F95A1ED89}.Release|Any CPU.ActiveCfg = Release|Any CPU
		{40B2D4B6-B122-4DFC-A83E-659F95A1ED89}.Release|Any CPU.Build.0 = Release|Any CPU
	EndGlobalSection
	GlobalSection(SolutionProperties) = preSolution
		HideSolutionNode = FALSE
	EndGlobalSection
	GlobalSection(ExtensibilityGlobals) = postSolution
		SolutionGuid = {DAD48542-92F4-41CF-A6E6-FCFFA95111C2}
	EndGlobalSection
EndGlobal
